
Microsoft Visual Studio Solution File, Format Version 12.00
# Visual Studio Version 17
VisualStudioVersion = 17.0.31903.59
MinimumVisualStudioVersion = 10.0.40219.1
Project("{2150E333-8FDC-42A3-9474-1A3956D46DE8}") = "src", "src", "{827E0CD3-B72D-47B6-A68D-7590B98EB39B}"
EndProject
Project("{F184B08F-C81C-45F6-A57F-5ABD9991F28F}") = "Payroll", "src\Payroll\Payroll.vbproj", "{35A2C899-4127-4B5E-832D-B9041B508EBA}"
EndProject
Project("{2150E333-8FDC-42A3-9474-1A3956D46DE8}") = "test", "test", "{0C88DD14-F956-CE84-757C-A364CCF449FC}"
EndProject
Project("{F184B08F-C81C-45F6-A57F-5ABD9991F28F}") = "Payroll.Tests", "test\Payroll.Tests\Payroll.Tests.vbproj", "{402505B3-77F5-48E7-B6B8-1ED29862FEA4}"
EndProject
Global
	GlobalSection(SolutionConfigurationPlatforms) = preSolution
		Debug|Any CPU = Debug|Any CPU
		Debug|x64 = Debug|x64
		Debug|x86 = Debug|x86
		Release|Any CPU = Release|Any CPU
		Release|x64 = Release|x64
		Release|x86 = Release|x86
	EndGlobalSection
	GlobalSection(ProjectConfigurationPlatforms) = postSolution
		{35A2C899-4127-4B5E-832D-B9041B508EBA}.Debug|Any CPU.ActiveCfg = Debug|Any CPU
		{35A2C899-4127-4B5E-832D-B9041B508EBA}.Debug|Any CPU.Build.0 = Debug|Any CPU
		{35A2C899-4127-4B5E-832D-B9041B508EBA}.Debug|x64.ActiveCfg = Debug|Any CPU
		{35A2C899-4127-4B5E-832D-B9041B508EBA}.Debug|x64.Build.0 = Debug|Any CPU
		{35A2C899-4127-4B5E-832D-B9041B508EBA}.Debug|x86.ActiveCfg = Debug|Any CPU
		{35A2C899-4127-4B5E-832D-B9041B508EBA}.Debug|x86.Build.0 = Debug|Any CPU
		{35A2C899-4127-4B5E-832D-B9041B508EBA}.Release|Any CPU.ActiveCfg = Release|Any CPU
		{35A2C899-4127-4B5E-832D-B9041B508EBA}.Release|Any CPU.Build.0 = Release|Any CPU
		{35A2C899-4127-4B5E-832D-B9041B508EBA}.Release|x64.ActiveCfg = Release|Any CPU
		{35A2C899-4127-4B5E-832D-B9041B508EBA}.Release|x64.Build.0 = Release|Any CPU
		{35A2C899-4127-4B5E-832D-B9041B508EBA}.Release|x86.ActiveCfg = Release|Any CPU
		{35A2C899-4127-4B5E-832D-B9041B508EBA}.Release|x86.Build.0 = Release|Any CPU
		{402505B3-77F5-48E7-B6B8-1ED29862FEA4}.Debug|Any CPU.ActiveCfg = Debug|Any CPU
		{402505B3-77F5-48E7-B6B8-1ED29862FEA4}.Debug|Any CPU.Build.0 = Debug|Any CPU
		{402505B3-77F5-48E7-B6B8-1ED29862FEA4}.Debug|x64.ActiveCfg = Debug|Any CPU
		{402505B3-77F5-48E7-B6B8-1ED29862FEA4}.Debug|x64.Build.0 = Debug|Any CPU
		{402505B3-77F5-48E7-B6B8-1ED29862FEA4}.Debug|x86.ActiveCfg = Debug|Any CPU
		{402505B3-77F5-48E7-B6B8-1ED29862FEA4}.Debug|x86.Build.0 = Debug|Any CPU
		{402505B3-77F5-48E7-B6B8-1ED29862FEA4}.Release|Any CPU.ActiveCfg = Release|Any CPU
		{402505B3-77F5-48E7-B6B8-1ED29862FEA4}.Release|Any CPU.Build.0 = Release|Any CPU
		{402505B3-77F5-48E7-B6B8-1ED29862FEA4}.Release|x64.ActiveCfg = Release|Any CPU
		{402505B3-77F5-48E7-B6B8-1ED29862FEA4}.Release|x64.Build.0 = Release|Any CPU
		{402505B3-77F5-48E7-B6B8-1ED29862FEA4}.Release|x86.ActiveCfg = Release|Any CPU
		{402505B3-77F5-48E7-B6B8-1ED29862FEA4}.Release|x86.Build.0 = Release|Any CPU
	EndGlobalSection
	GlobalSection(SolutionProperties) = preSolution
		HideSolutionNode = FALSE
	EndGlobalSection
	GlobalSection(NestedProjects) = preSolution
		{35A2C899-4127-4B5E-832D-B9041B508EBA} = {827E0CD3-B72D-47B6-A68D-7590B98EB39B}
		{402505B3-77F5-48E7-B6B8-1ED29862FEA4} = {0C88DD14-F956-CE84-757C-A364CCF449FC}
	EndGlobalSection
EndGlobal
